
Microsoft Visual Studio Solution File, Format Version 12.00
# Visual Studio 15
VisualStudioVersion = 15.0.27703.2018
MinimumVisualStudioVersion = 10.0.40219.1
Project("{9A19103F-16F7-4668-BE54-9A1E7A4F7556}") = "DartsHostCore", "DartsHostCore\DartsHostCore.csproj", "{B561DEA4-6627-417F-A0A5-87AF3379243D}"
EndProject
Project("{FAE04EC0-301F-11D3-BF4B-00C04F79EFBC}") = "DartsHostCore.UnitTests", "DartsHostCore.UnitTests\DartsHostCore.UnitTests.csproj", "{EF901BEC-C891-4E73-88CD-790554A2D764}"
EndProject
Global
	GlobalSection(SolutionConfigurationPlatforms) = preSolution
		Debug|Any CPU = Debug|Any CPU
		Release|Any CPU = Release|Any CPU
	EndGlobalSection
	GlobalSection(ProjectConfigurationPlatforms) = postSolution
		{B561DEA4-6627-417F-A0A5-87AF3379243D}.Debug|Any CPU.ActiveCfg = Debug|Any CPU
		{B561DEA4-6627-417F-A0A5-87AF3379243D}.Debug|Any CPU.Build.0 = Debug|Any CPU
		{B561DEA4-6627-417F-A0A5-87AF3379243D}.Release|Any CPU.ActiveCfg = Release|Any CPU
		{B561DEA4-6627-417F-A0A5-87AF3379243D}.Release|Any CPU.Build.0 = Release|Any CPU
		{EF901BEC-C891-4E73-88CD-790554A2D764}.Debug|Any CPU.ActiveCfg = Debug|Any CPU
		{EF901BEC-C891-4E73-88CD-790554A2D764}.Debug|Any CPU.Build.0 = Debug|Any CPU
		{EF901BEC-C891-4E73-88CD-790554A2D764}.Release|Any CPU.ActiveCfg = Release|Any CPU
		{EF901BEC-C891-4E73-88CD-790554A2D764}.Release|Any CPU.Build.0 = Release|Any CPU
	EndGlobalSection
	GlobalSection(SolutionProperties) = preSolution
		HideSolutionNode = FALSE
	EndGlobalSection
	GlobalSection(ExtensibilityGlobals) = postSolution
		SolutionGuid = {082A546D-9591-4174-B90F-64F1B91ADE84}
	EndGlobalSection
EndGlobal
